// !$*UTF8*$!
{
	archiveVersion = 1;
	classes = {
	};
	objectVersion = 48;
	objects = {

/* Begin PBXBuildFile section */
		05A23D1F204E9D640098DBF1 /* AppDelegate.swift in Sources */ = {isa = PBXBuildFile; fileRef = 05A23D1E204E9D640098DBF1 /* AppDelegate.swift */; };
		05A23D21204E9D640098DBF1 /* ViewController.swift in Sources */ = {isa = PBXBuildFile; fileRef = 05A23D20204E9D640098DBF1 /* ViewController.swift */; };
		05A23D24204E9D640098DBF1 /* Main.storyboard in Resources */ = {isa = PBXBuildFile; fileRef = 05A23D22204E9D640098DBF1 /* Main.storyboard */; };
		05A23D26204E9D640098DBF1 /* Assets.xcassets in Resources */ = {isa = PBXBuildFile; fileRef = 05A23D25204E9D640098DBF1 /* Assets.xcassets */; };
		05A23D29204E9D640098DBF1 /* LaunchScreen.storyboard in Resources */ = {isa = PBXBuildFile; fileRef = 05A23D27204E9D640098DBF1 /* LaunchScreen.storyboard */; };
		F57361A522A7B7AFDA3DFBA0 /* Pods_FacebookShareDemo.framework in Frameworks */ = {isa = PBXBuildFile; fileRef = 8B4E66B7B08E35B2CD95F8EE /* Pods_FacebookShareDemo.framework */; };
/* End PBXBuildFile section */

/* Begin PBXFileReference section */
		055A5A3D204EA72900C85154 /* FacebookShareDemo.entitlements */ = {isa = PBXFileReference; lastKnownFileType = text.plist.entitlements; path = FacebookShareDemo.entitlements; sourceTree = "<group>"; };
		05A23D1B204E9D640098DBF1 /* FacebookShareDemo.app */ = {isa = PBXFileReference; explicitFileType = wrapper.application; includeInIndex = 0; path = FacebookShareDemo.app; sourceTree = BUILT_PRODUCTS_DIR; };
		05A23D1E204E9D640098DBF1 /* AppDelegate.swift */ = {isa = PBXFileReference; lastKnownFileType = sourcecode.swift; path = AppDelegate.swift; sourceTree = "<group>"; };
		05A23D20204E9D640098DBF1 /* ViewController.swift */ = {isa = PBXFileReference; lastKnownFileType = sourcecode.swift; path = ViewController.swift; sourceTree = "<group>"; };
		05A23D23204E9D640098DBF1 /* Base */ = {isa = PBXFileReference; lastKnownFileType = file.storyboard; name = Base; path = Base.lproj/Main.storyboard; sourceTree = "<group>"; };
		05A23D25204E9D640098DBF1 /* Assets.xcassets */ = {isa = PBXFileReference; lastKnownFileType = folder.assetcatalog; path = Assets.xcassets; sourceTree = "<group>"; };
		05A23D28204E9D640098DBF1 /* Base */ = {isa = PBXFileReference; lastKnownFileType = file.storyboard; name = Base; path = Base.lproj/LaunchScreen.storyboard; sourceTree = "<group>"; };
		05A23D2A204E9D640098DBF1 /* Info.plist */ = {isa = PBXFileReference; lastKnownFileType = text.plist.xml; path = Info.plist; sourceTree = "<group>"; };
		7EE65F0C0E2E4B5E4B0B958B /* Pods-FacebookShareDemo.release.xcconfig */ = {isa = PBXFileReference; includeInIndex = 1; lastKnownFileType = text.xcconfig; name = "Pods-FacebookShareDemo.release.xcconfig"; path = "Pods/Target Support Files/Pods-FacebookShareDemo/Pods-FacebookShareDemo.release.xcconfig"; sourceTree = "<group>"; };
		8B4E66B7B08E35B2CD95F8EE /* Pods_FacebookShareDemo.framework */ = {isa = PBXFileReference; explicitFileType = wrapper.framework; includeInIndex = 0; path = Pods_FacebookShareDemo.framework; sourceTree = BUILT_PRODUCTS_DIR; };
		C44DE01BD1C4866B203AD279 /* Pods-FacebookShareDemo.debug.xcconfig */ = {isa = PBXFileReference; includeInIndex = 1; lastKnownFileType = text.xcconfig; name = "Pods-FacebookShareDemo.debug.xcconfig"; path = "Pods/Target Support Files/Pods-FacebookShareDemo/Pods-FacebookShareDemo.debug.xcconfig"; sourceTree = "<group>"; };
/* End PBXFileReference section */

/* Begin PBXFrameworksBuildPhase section */
		05A23D18204E9D640098DBF1 /* Frameworks */ = {
			isa = PBXFrameworksBuildPhase;
			buildActionMask = 2147483647;
			files = (
				F57361A522A7B7AFDA3DFBA0 /* Pods_FacebookShareDemo.framework in Frameworks */,
			);
			runOnlyForDeploymentPostprocessing = 0;
		};
/* End PBXFrameworksBuildPhase section */

/* Begin PBXGroup section */
		05A23D12204E9D630098DBF1 = {
			isa = PBXGroup;
			children = (
				05A23D1D204E9D640098DBF1 /* FacebookShareDemo */,
				05A23D1C204E9D640098DBF1 /* Products */,
				FB44D50C29E9D62A904AF393 /* Pods */,
				548BF9E667A9FF1496086333 /* Frameworks */,
			);
			sourceTree = "<group>";
		};
		05A23D1C204E9D640098DBF1 /* Products */ = {
			isa = PBXGroup;
			children = (
				05A23D1B204E9D640098DBF1 /* FacebookShareDemo.app */,
			);
			name = Products;
			sourceTree = "<group>";
		};
		05A23D1D204E9D640098DBF1 /* FacebookShareDemo */ = {
			isa = PBXGroup;
			children = (
				055A5A3D204EA72900C85154 /* FacebookShareDemo.entitlements */,
				05A23D1E204E9D640098DBF1 /* AppDelegate.swift */,
				05A23D20204E9D640098DBF1 /* ViewController.swift */,
				05A23D22204E9D640098DBF1 /* Main.storyboard */,
				05A23D25204E9D640098DBF1 /* Assets.xcassets */,
				05A23D27204E9D640098DBF1 /* LaunchScreen.storyboard */,
				05A23D2A204E9D640098DBF1 /* Info.plist */,
			);
			path = FacebookShareDemo;
			sourceTree = "<group>";
		};
		548BF9E667A9FF1496086333 /* Frameworks */ = {
			isa = PBXGroup;
			children = (
				8B4E66B7B08E35B2CD95F8EE /* Pods_FacebookShareDemo.framework */,
			);
			name = Frameworks;
			sourceTree = "<group>";
		};
		FB44D50C29E9D62A904AF393 /* Pods */ = {
			isa = PBXGroup;
			children = (
				C44DE01BD1C4866B203AD279 /* Pods-FacebookShareDemo.debug.xcconfig */,
				7EE65F0C0E2E4B5E4B0B958B /* Pods-FacebookShareDemo.release.xcconfig */,
			);
			name = Pods;
			sourceTree = "<group>";
		};
/* End PBXGroup section */

/* Begin PBXNativeTarget section */
		05A23D1A204E9D640098DBF1 /* FacebookShareDemo */ = {
			isa = PBXNativeTarget;
			buildConfigurationList = 05A23D2D204E9D640098DBF1 /* Build configuration list for PBXNativeTarget "FacebookShareDemo" */;
			buildPhases = (
				5879DA17DA7E32960801C2E1 /* [CP] Check Pods Manifest.lock */,
				05A23D17204E9D640098DBF1 /* Sources */,
				05A23D18204E9D640098DBF1 /* Frameworks */,
				05A23D19204E9D640098DBF1 /* Resources */,
				912875DD1C8B7894EE040452 /* [CP] Embed Pods Frameworks */,
				96B355C11319D1C76F0DF684 /* [CP] Copy Pods Resources */,
			);
			buildRules = (
			);
			dependencies = (
			);
			name = FacebookShareDemo;
			productName = FacebookShareDemo;
			productReference = 05A23D1B204E9D640098DBF1 /* FacebookShareDemo.app */;
			productType = "com.apple.product-type.application";
		};
/* End PBXNativeTarget section */

/* Begin PBXProject section */
		05A23D13204E9D630098DBF1 /* Project object */ = {
			isa = PBXProject;
			attributes = {
				LastSwiftUpdateCheck = 0920;
				LastUpgradeCheck = 0920;
				ORGANIZATIONNAME = "Liguo Jiao";
				TargetAttributes = {
					05A23D1A204E9D640098DBF1 = {
						CreatedOnToolsVersion = 9.2;
						ProvisioningStyle = Automatic;
						SystemCapabilities = {
							com.apple.Keychain = {
								enabled = 1;
							};
						};
					};
				};
			};
			buildConfigurationList = 05A23D16204E9D630098DBF1 /* Build configuration list for PBXProject "FacebookShareDemo" */;
			compatibilityVersion = "Xcode 8.0";
			developmentRegion = en;
			hasScannedForEncodings = 0;
			knownRegions = (
				en,
				Base,
			);
			mainGroup = 05A23D12204E9D630098DBF1;
			productRefGroup = 05A23D1C204E9D640098DBF1 /* Products */;
			projectDirPath = "";
			projectRoot = "";
			targets = (
				05A23D1A204E9D640098DBF1 /* FacebookShareDemo */,
			);
		};
/* End PBXProject section */

/* Begin PBXResourcesBuildPhase section */
		05A23D19204E9D640098DBF1 /* Resources */ = {
			isa = PBXResourcesBuildPhase;
			buildActionMask = 2147483647;
			files = (
				05A23D29204E9D640098DBF1 /* LaunchScreen.storyboard in Resources */,
				05A23D26204E9D640098DBF1 /* Assets.xcassets in Resources */,
				05A23D24204E9D640098DBF1 /* Main.storyboard in Resources */,
			);
			runOnlyForDeploymentPostprocessing = 0;
		};
/* End PBXResourcesBuildPhase section */

/* Begin PBXShellScriptBuildPhase section */
		5879DA17DA7E32960801C2E1 /* [CP] Check Pods Manifest.lock */ = {
			isa = PBXShellScriptBuildPhase;
			buildActionMask = 2147483647;
			files = (
			);
			inputPaths = (
				"${PODS_PODFILE_DIR_PATH}/Podfile.lock",
				"${PODS_ROOT}/Manifest.lock",
			);
			name = "[CP] Check Pods Manifest.lock";
			outputPaths = (
				"$(DERIVED_FILE_DIR)/Pods-FacebookShareDemo-checkManifestLockResult.txt",
			);
			runOnlyForDeploymentPostprocessing = 0;
			shellPath = /bin/sh;
			shellScript = "diff \"${PODS_PODFILE_DIR_PATH}/Podfile.lock\" \"${PODS_ROOT}/Manifest.lock\" > /dev/null\nif [ $? != 0 ] ; then\n    # print error to STDERR\n    echo \"error: The sandbox is not in sync with the Podfile.lock. Run 'pod install' or update your CocoaPods installation.\" >&2\n    exit 1\nfi\n# This output is used by Xcode 'outputs' to avoid re-running this script phase.\necho \"SUCCESS\" > \"${SCRIPT_OUTPUT_FILE_0}\"\n";
			showEnvVarsInLog = 0;
		};
		912875DD1C8B7894EE040452 /* [CP] Embed Pods Frameworks */ = {
			isa = PBXShellScriptBuildPhase;
			buildActionMask = 2147483647;
			files = (
			);
			inputPaths = (
				"${SRCROOT}/Pods/Target Support Files/Pods-FacebookShareDemo/Pods-FacebookShareDemo-frameworks.sh",
				"${BUILT_PRODUCTS_DIR}/Bolts/Bolts.framework",
				"${BUILT_PRODUCTS_DIR}/FBSDKCoreKit/FBSDKCoreKit.framework",
				"${BUILT_PRODUCTS_DIR}/FBSDKLoginKit/FBSDKLoginKit.framework",
				"${BUILT_PRODUCTS_DIR}/FBSDKShareKit/FBSDKShareKit.framework",
				"${BUILT_PRODUCTS_DIR}/FacebookCore/FacebookCore.framework",
				"${BUILT_PRODUCTS_DIR}/FacebookLogin/FacebookLogin.framework",
				"${BUILT_PRODUCTS_DIR}/FacebookShare/FacebookShare.framework",
			);
			name = "[CP] Embed Pods Frameworks";
			outputPaths = (
				"${TARGET_BUILD_DIR}/${FRAMEWORKS_FOLDER_PATH}/Bolts.framework",
				"${TARGET_BUILD_DIR}/${FRAMEWORKS_FOLDER_PATH}/FBSDKCoreKit.framework",
				"${TARGET_BUILD_DIR}/${FRAMEWORKS_FOLDER_PATH}/FBSDKLoginKit.framework",
				"${TARGET_BUILD_DIR}/${FRAMEWORKS_FOLDER_PATH}/FBSDKShareKit.framework",
				"${TARGET_BUILD_DIR}/${FRAMEWORKS_FOLDER_PATH}/FacebookCore.framework",
				"${TARGET_BUILD_DIR}/${FRAMEWORKS_FOLDER_PATH}/FacebookLogin.framework",
				"${TARGET_BUILD_DIR}/${FRAMEWORKS_FOLDER_PATH}/FacebookShare.framework",
			);
			runOnlyForDeploymentPostprocessing = 0;
			shellPath = /bin/sh;
			shellScript = "\"${SRCROOT}/Pods/Target Support Files/Pods-FacebookShareDemo/Pods-FacebookShareDemo-frameworks.sh\"\n";
			showEnvVarsInLog = 0;
		};
		96B355C11319D1C76F0DF684 /* [CP] Copy Pods Resources */ = {
			isa = PBXShellScriptBuildPhase;
			buildActionMask = 2147483647;
			files = (
			);
			inputPaths = (
			);
			name = "[CP] Copy Pods Resources";
			outputPaths = (
			);
			runOnlyForDeploymentPostprocessing = 0;
			shellPath = /bin/sh;
			shellScript = "\"${SRCROOT}/Pods/Target Support Files/Pods-FacebookShareDemo/Pods-FacebookShareDemo-resources.sh\"\n";
			showEnvVarsInLog = 0;
		};
/* End PBXShellScriptBuildPhase section */

/* Begin PBXSourcesBuildPhase section */
		05A23D17204E9D640098DBF1 /* Sources */ = {
			isa = PBXSourcesBuildPhase;
			buildActionMask = 2147483647;
			files = (
				05A23D21204E9D640098DBF1 /* ViewController.swift in Sources */,
				05A23D1F204E9D640098DBF1 /* AppDelegate.swift in Sources */,
			);
			runOnlyForDeploymentPostprocessing = 0;
		};
/* End PBXSourcesBuildPhase section */

/* Begin PBXVariantGroup section */
		05A23D22204E9D640098DBF1 /* Main.storyboard */ = {
			isa = PBXVariantGroup;
			children = (
				05A23D23204E9D640098DBF1 /* Base */,
			);
			name = Main.storyboard;
			sourceTree = "<group>";
		};
		05A23D27204E9D640098DBF1 /* LaunchScreen.storyboard */ = {
			isa = PBXVariantGroup;
			children = (
				05A23D28204E9D640098DBF1 /* Base */,
			);
			name = LaunchScreen.storyboard;
			sourceTree = "<group>";
		};
/* End PBXVariantGroup section */

/* Begin XCBuildConfiguration section */
		05A23D2B204E9D640098DBF1 /* Debug */ = {
			isa = XCBuildConfiguration;
			buildSettings = {
				ALWAYS_SEARCH_USER_PATHS = NO;
				CLANG_ANALYZER_NONNULL = YES;
				CLANG_ANALYZER_NUMBER_OBJECT_CONVERSION = YES_AGGRESSIVE;
				CLANG_CXX_LANGUAGE_STANDARD = "gnu++14";
				CLANG_CXX_LIBRARY = "libc++";
				CLANG_ENABLE_MODULES = YES;
				CLANG_ENABLE_OBJC_ARC = YES;
				CLANG_WARN_BLOCK_CAPTURE_AUTORELEASING = YES;
				CLANG_WARN_BOOL_CONVERSION = YES;
				CLANG_WARN_COMMA = YES;
				CLANG_WARN_CONSTANT_CONVERSION = YES;
				CLANG_WARN_DIRECT_OBJC_ISA_USAGE = YES_ERROR;
				CLANG_WARN_DOCUMENTATION_COMMENTS = YES;
				CLANG_WARN_EMPTY_BODY = YES;
				CLANG_WARN_ENUM_CONVERSION = YES;
				CLANG_WARN_INFINITE_RECURSION = YES;
				CLANG_WARN_INT_CONVERSION = YES;
				CLANG_WARN_NON_LITERAL_NULL_CONVERSION = YES;
				CLANG_WARN_OBJC_LITERAL_CONVERSION = YES;
				CLANG_WARN_OBJC_ROOT_CLASS = YES_ERROR;
				CLANG_WARN_RANGE_LOOP_ANALYSIS = YES;
				CLANG_WARN_STRICT_PROTOTYPES = YES;
				CLANG_WARN_SUSPICIOUS_MOVE = YES;
				CLANG_WARN_UNGUARDED_AVAILABILITY = YES_AGGRESSIVE;
				CLANG_WARN_UNREACHABLE_CODE = YES;
				CLANG_WARN__DUPLICATE_METHOD_MATCH = YES;
				CODE_SIGN_IDENTITY = "iPhone Developer";
				COPY_PHASE_STRIP = NO;
				DEBUG_INFORMATION_FORMAT = dwarf;
				ENABLE_STRICT_OBJC_MSGSEND = YES;
				ENABLE_TESTABILITY = YES;
				GCC_C_LANGUAGE_STANDARD = gnu11;
				GCC_DYNAMIC_NO_PIC = NO;
				GCC_NO_COMMON_BLOCKS = YES;
				GCC_OPTIMIZATION_LEVEL = 0;
				GCC_PREPROCESSOR_DEFINITIONS = (
					"DEBUG=1",
					"$(inherited)",
				);
				GCC_WARN_64_TO_32_BIT_CONVERSION = YES;
				GCC_WARN_ABOUT_RETURN_TYPE = YES_ERROR;
				GCC_WARN_UNDECLARED_SELECTOR = YES;
				GCC_WARN_UNINITIALIZED_AUTOS = YES_AGGRESSIVE;
				GCC_WARN_UNUSED_FUNCTION = YES;
				GCC_WARN_UNUSED_VARIABLE = YES;
				IPHONEOS_DEPLOYMENT_TARGET = 11.2;
				MTL_ENABLE_DEBUG_INFO = YES;
				ONLY_ACTIVE_ARCH = YES;
				SDKROOT = iphoneos;
				SWIFT_ACTIVE_COMPILATION_CONDITIONS = DEBUG;
				SWIFT_OPTIMIZATION_LEVEL = "-Onone";
			};
			name = Debug;
		};
		05A23D2C204E9D640098DBF1 /* Release */ = {
			isa = XCBuildConfiguration;
			buildSettings = {
				ALWAYS_SEARCH_USER_PATHS = NO;
				CLANG_ANALYZER_NONNULL = YES;
				CLANG_ANALYZER_NUMBER_OBJECT_CONVERSION = YES_AGGRESSIVE;
				CLANG_CXX_LANGUAGE_STANDARD = "gnu++14";
				CLANG_CXX_LIBRARY = "libc++";
				CLANG_ENABLE_MODULES = YES;
				CLANG_ENABLE_OBJC_ARC = YES;
				CLANG_WARN_BLOCK_CAPTURE_AUTORELEASING = YES;
				CLANG_WARN_BOOL_CONVERSION = YES;
				CLANG_WARN_COMMA = YES;
				CLANG_WARN_CONSTANT_CONVERSION = YES;
				CLANG_WARN_DIRECT_OBJC_ISA_USAGE = YES_ERROR;
				CLANG_WARN_DOCUMENTATION_COMMENTS = YES;
				CLANG_WARN_EMPTY_BODY = YES;
				CLANG_WARN_ENUM_CONVERSION = YES;
				CLANG_WARN_INFINITE_RECURSION = YES;
				CLANG_WARN_INT_CONVERSION = YES;
				CLANG_WARN_NON_LITERAL_NULL_CONVERSION = YES;
				CLANG_WARN_OBJC_LITERAL_CONVERSION = YES;
				CLANG_WARN_OBJC_ROOT_CLASS = YES_ERROR;
				CLANG_WARN_RANGE_LOOP_ANALYSIS = YES;
				CLANG_WARN_STRICT_PROTOTYPES = YES;
				CLANG_WARN_SUSPICIOUS_MOVE = YES;
				CLANG_WARN_UNGUARDED_AVAILABILITY = YES_AGGRESSIVE;
				CLANG_WARN_UNREACHABLE_CODE = YES;
				CLANG_WARN__DUPLICATE_METHOD_MATCH = YES;
				CODE_SIGN_IDENTITY = "iPhone Developer";
				COPY_PHASE_STRIP = NO;
				DEBUG_INFORMATION_FORMAT = "dwarf-with-dsym";
				ENABLE_NS_ASSERTIONS = NO;
				ENABLE_STRICT_OBJC_MSGSEND = YES;
				GCC_C_LANGUAGE_STANDARD = gnu11;
				GCC_NO_COMMON_BLOCKS = YES;
				GCC_WARN_64_TO_32_BIT_CONVERSION = YES;
				GCC_WARN_ABOUT_RETURN_TYPE = YES_ERROR;
				GCC_WARN_UNDECLARED_SELECTOR = YES;
				GCC_WARN_UNINITIALIZED_AUTOS = YES_AGGRESSIVE;
				GCC_WARN_UNUSED_FUNCTION = YES;
				GCC_WARN_UNUSED_VARIABLE = YES;
				IPHONEOS_DEPLOYMENT_TARGET = 11.2;
				MTL_ENABLE_DEBUG_INFO = NO;
				SDKROOT = iphoneos;
				SWIFT_OPTIMIZATION_LEVEL = "-Owholemodule";
				VALIDATE_PRODUCT = YES;
			};
			name = Release;
		};
		05A23D2E204E9D640098DBF1 /* Debug */ = {
			isa = XCBuildConfiguration;
			baseConfigurationReference = C44DE01BD1C4866B203AD279 /* Pods-FacebookShareDemo.debug.xcconfig */;
			buildSettings = {
				ASSETCATALOG_COMPILER_APPICON_NAME = AppIcon;
				CODE_SIGN_ENTITLEMENTS = FacebookShareDemo/FacebookShareDemo.entitlements;
				CODE_SIGN_STYLE = Automatic;
				DEVELOPMENT_TEAM = EBRSL252ZN;
				INFOPLIST_FILE = FacebookShareDemo/Info.plist;
				LD_RUNPATH_SEARCH_PATHS = "$(inherited) @executable_path/Frameworks";
				PRODUCT_BUNDLE_IDENTIFIER = "liguo-jiao.FacebookShareDemo";
				PRODUCT_NAME = "$(TARGET_NAME)";
				SWIFT_VERSION = 4.0;
				TARGETED_DEVICE_FAMILY = "1,2";
			};
			name = Debug;
		};
		05A23D2F204E9D640098DBF1 /* Release */ = {
			isa = XCBuildConfiguration;
			baseConfigurationReference = 7EE65F0C0E2E4B5E4B0B958B /* Pods-FacebookShareDemo.release.xcconfig */;
			buildSettings = {
				ASSETCATALOG_COMPILER_APPICON_NAME = AppIcon;
				CODE_SIGN_ENTITLEMENTS = FacebookShareDemo/FacebookShareDemo.entitlements;
				CODE_SIGN_STYLE = Automatic;
				DEVELOPMENT_TEAM = EBRSL252ZN;
				INFOPLIST_FILE = FacebookShareDemo/Info.plist;
				LD_RUNPATH_SEARCH_PATHS = "$(inherited) @executable_path/Frameworks";
				PRODUCT_BUNDLE_IDENTIFIER = "liguo-jiao.FacebookShareDemo";
				PRODUCT_NAME = "$(TARGET_NAME)";
				SWIFT_VERSION = 4.0;
				TARGETED_DEVICE_FAMILY = "1,2";
			};
			name = Release;
		};
/* End XCBuildConfiguration section */

/* Begin XCConfigurationList section */
		05A23D16204E9D630098DBF1 /* Build configuration list for PBXProject "FacebookShareDemo" */ = {
			isa = XCConfigurationList;
			buildConfigurations = (
				05A23D2B204E9D640098DBF1 /* Debug */,
				05A23D2C204E9D640098DBF1 /* Release */,
			);
			defaultConfigurationIsVisible = 0;
			defaultConfigurationName = Release;
		};
		05A23D2D204E9D640098DBF1 /* Build configuration list for PBXNativeTarget "FacebookShareDemo" */ = {
			isa = XCConfigurationList;
			buildConfigurations = (
				05A23D2E204E9D640098DBF1 /* Debug */,
				05A23D2F204E9D640098DBF1 /* Release */,
			);
			defaultConfigurationIsVisible = 0;
			defaultConfigurationName = Release;
		};
/* End XCConfigurationList section */
	};
	rootObject = 05A23D13204E9D630098DBF1 /* Project object */;
}
